
Microsoft Visual Studio Solution File, Format Version 12.00
# Visual Studio 2013
VisualStudioVersion = 12.0.40629.0
MinimumVisualStudioVersion = 10.0.40219.1
Project("{FAE04EC0-301F-11D3-BF4B-00C04F79EFBC}") = "OwinFramework.Authorization.Net45", "OwinFramework.Authorization\OwinFramework.Authorization.Net45.csproj", "{4E4A8513-FCD5-4EFF-8F19-109DCD8421E7}"
EndProject
Project("{2150E333-8FDC-42A3-9474-1A3956D46DE8}") = "Solution Items", "Solution Items", "{399B28E1-E1F3-40F8-BBD9-1156BF275640}"
	ProjectSection(SolutionItems) = preProject
		NuGet\Owin.Framework.Authorization.Core.nuspec = NuGet\Owin.Framework.Authorization.Core.nuspec
		NuGet\Owin.Framework.Authorization.nuspec = NuGet\Owin.Framework.Authorization.nuspec
		NuGet\Owin.Framework.Authorization.Prius.nuspec = NuGet\Owin.Framework.Authorization.Prius.nuspec
		NuGet\Owin.Framework.Authorization.UI.nuspec = NuGet\Owin.Framework.Authorization.UI.nuspec
		NuGet\Package.cmd = NuGet\Package.cmd
	EndProjectSection
EndProject
Project("{FAE04EC0-301F-11D3-BF4B-00C04F79EFBC}") = "OwinFramework.Authorization.UI.Net45", "OwinFramework.Authorization.UI\OwinFramework.Authorization.UI.Net45.csproj", "{3ACA57E9-A406-41BC-B37E-641FE6342094}"
EndProject
Project("{FAE04EC0-301F-11D3-BF4B-00C04F79EFBC}") = "OwinFramework.Authorization.Core.Net45", "OwinFramework.Authorization.Core\OwinFramework.Authorization.Core.Net45.csproj", "{38868D1B-65B0-45C5-82D7-F1F3A01A000E}"
EndProject
Project("{FAE04EC0-301F-11D3-BF4B-00C04F79EFBC}") = "OwinFramework.Authorization.Prius.Net45", "OwinFramework.Authorization.Prius\OwinFramework.Authorization.Prius.Net45.csproj", "{B5860F84-9158-4177-81DF-9497F0A4EA20}"
EndProject
Global
	GlobalSection(SolutionConfigurationPlatforms) = preSolution
		Debug|Any CPU = Debug|Any CPU
		Release|Any CPU = Release|Any CPU
	EndGlobalSection
	GlobalSection(ProjectConfigurationPlatforms) = postSolution
		{4E4A8513-FCD5-4EFF-8F19-109DCD8421E7}.Debug|Any CPU.ActiveCfg = Debug|Any CPU
		{4E4A8513-FCD5-4EFF-8F19-109DCD8421E7}.Debug|Any CPU.Build.0 = Debug|Any CPU
		{4E4A8513-FCD5-4EFF-8F19-109DCD8421E7}.Release|Any CPU.ActiveCfg = Release|Any CPU
		{4E4A8513-FCD5-4EFF-8F19-109DCD8421E7}.Release|Any CPU.Build.0 = Release|Any CPU
		{3ACA57E9-A406-41BC-B37E-641FE6342094}.Debug|Any CPU.ActiveCfg = Debug|Any CPU
		{3ACA57E9-A406-41BC-B37E-641FE6342094}.Debug|Any CPU.Build.0 = Debug|Any CPU
		{3ACA57E9-A406-41BC-B37E-641FE6342094}.Release|Any CPU.ActiveCfg = Release|Any CPU
		{3ACA57E9-A406-41BC-B37E-641FE6342094}.Release|Any CPU.Build.0 = Release|Any CPU
		{38868D1B-65B0-45C5-82D7-F1F3A01A000E}.Debug|Any CPU.ActiveCfg = Debug|Any CPU
		{38868D1B-65B0-45C5-82D7-F1F3A01A000E}.Debug|Any CPU.Build.0 = Debug|Any CPU
		{38868D1B-65B0-45C5-82D7-F1F3A01A000E}.Release|Any CPU.ActiveCfg = Release|Any CPU
		{38868D1B-65B0-45C5-82D7-F1F3A01A000E}.Release|Any CPU.Build.0 = Release|Any CPU
		{B5860F84-9158-4177-81DF-9497F0A4EA20}.Debug|Any CPU.ActiveCfg = Debug|Any CPU
		{B5860F84-9158-4177-81DF-9497F0A4EA20}.Debug|Any CPU.Build.0 = Debug|Any CPU
		{B5860F84-9158-4177-81DF-9497F0A4EA20}.Release|Any CPU.ActiveCfg = Release|Any CPU
		{B5860F84-9158-4177-81DF-9497F0A4EA20}.Release|Any CPU.Build.0 = Release|Any CPU
	EndGlobalSection
	GlobalSection(SolutionProperties) = preSolution
		HideSolutionNode = FALSE
	EndGlobalSection
EndGlobal
